// !$*UTF8*$!
{
	archiveVersion = 1;
	classes = {
	};
	objectVersion = 50;
	objects = {

/* Begin PBXBuildFile section */
		01420E44EFE5BA9DD1970753D8F0363D /* GenericGeometry.swift in Sources */ = {isa = PBXBuildFile; fileRef = F00F29924176FE06E644D9326469B203 /* GenericGeometry.swift */; };
		0C43DFAAAC334767684A26EF96BBCD1B /* GenericGeometry.framework in Frameworks */ = {isa = PBXBuildFile; fileRef = 403CD082D6085E3FBE8FBEED452CE9A4 /* GenericGeometry.framework */; };
		0E7A37808D439DBA669F718CF023F992 /* GenericGeometryTests.swift in Sources */ = {isa = PBXBuildFile; fileRef = F331981EB4926A492E04B7FA2B914B7C /* GenericGeometryTests.swift */; };
		28893CA5C4FC7DB49A307B058F70BDF4 /* GenericGeometry+CoreGraphics.swift in Sources */ = {isa = PBXBuildFile; fileRef = DFC09BF2DFCA411632D9F01380DE4125 /* GenericGeometry+CoreGraphics.swift */; };
		3986375DEDDB4610F39968FF98CE6EF5 /* GenericGeometry.framework in Embed Frameworks */ = {isa = PBXBuildFile; fileRef = BD01A777B6FCA2985F9FE856C5B098A6 /* GenericGeometry.framework */; settings = {ATTRIBUTES = (CodeSignOnCopy, RemoveHeadersOnCopy, ); }; };
		39A8E5D40784215088FF661148ABFB25 /* GenericGeometry+CoreGraphics.swift in Sources */ = {isa = PBXBuildFile; fileRef = DFC09BF2DFCA411632D9F01380DE4125 /* GenericGeometry+CoreGraphics.swift */; };
		3A48943018AD67CB2A121989A55BE48E /* GenericGeometryTests.swift in Sources */ = {isa = PBXBuildFile; fileRef = F331981EB4926A492E04B7FA2B914B7C /* GenericGeometryTests.swift */; };
		3C12DD66917AFEAD27B27E57A4196C26 /* GenericGeometry.swift in Sources */ = {isa = PBXBuildFile; fileRef = F00F29924176FE06E644D9326469B203 /* GenericGeometry.swift */; };
		3E5127041841F65BBDF08074820F71B6 /* GenericGeometry+UIKit.swift in Sources */ = {isa = PBXBuildFile; fileRef = 541C9632F22FC42759F3E82185C862F7 /* GenericGeometry+UIKit.swift */; };
		40B82325AF4AA067E12DC5B28AC78FA1 /* GenericGeometryUIKitTests.swift in Sources */ = {isa = PBXBuildFile; fileRef = 084090FDD95EC6A2D1DEEE75AD683EB5 /* GenericGeometryUIKitTests.swift */; };
		43E3896AC7C7D51C77CAD82341ADCC89 /* GenericGeometry+UIKit.swift in Sources */ = {isa = PBXBuildFile; fileRef = 541C9632F22FC42759F3E82185C862F7 /* GenericGeometry+UIKit.swift */; };
		4980C6BD7B9764BF335DF37A435B08EB /* GenericGeometry+CoreGraphics.swift in Sources */ = {isa = PBXBuildFile; fileRef = DFC09BF2DFCA411632D9F01380DE4125 /* GenericGeometry+CoreGraphics.swift */; };
		4B0B6E50BF522EA4B37F291D8B63088B /* GenericGeometryUIKitTests.swift in Sources */ = {isa = PBXBuildFile; fileRef = 084090FDD95EC6A2D1DEEE75AD683EB5 /* GenericGeometryUIKitTests.swift */; };
		4B465A53F3022DEBF21151A15DA2DCAB /* GenericGeometry.framework in Frameworks */ = {isa = PBXBuildFile; fileRef = E0B3DD3814B9D55502658650A8AD72FA /* GenericGeometry.framework */; };
		637B695A2E26C02A604411B2EAD9C130 /* GenericGeometry.framework in Embed Frameworks */ = {isa = PBXBuildFile; fileRef = 0574736A7BDD48A183027205679CD043 /* GenericGeometry.framework */; settings = {ATTRIBUTES = (CodeSignOnCopy, RemoveHeadersOnCopy, ); }; };
		6B6D979905D3E1A1D3067C8DE6634E25 /* GenericGeometry.framework in Frameworks */ = {isa = PBXBuildFile; fileRef = 0574736A7BDD48A183027205679CD043 /* GenericGeometry.framework */; };
		7A74D8439C156E45FF6C16950B7EE384 /* GenericGeometryTests.swift in Sources */ = {isa = PBXBuildFile; fileRef = F331981EB4926A492E04B7FA2B914B7C /* GenericGeometryTests.swift */; };
		8425EE4D2AFC3D49495C89D5FE0AD9F8 /* GenericGeometry+UIKit.swift in Sources */ = {isa = PBXBuildFile; fileRef = 541C9632F22FC42759F3E82185C862F7 /* GenericGeometry+UIKit.swift */; };
		9509CD5D02A107A7B35587A3F3AB9E97 /* GenericGeometry.framework in Embed Frameworks */ = {isa = PBXBuildFile; fileRef = E0B3DD3814B9D55502658650A8AD72FA /* GenericGeometry.framework */; settings = {ATTRIBUTES = (CodeSignOnCopy, RemoveHeadersOnCopy, ); }; };
		9A50C1D14BDE84E3CDFE400772A0DD19 /* GenericGeometry.framework in Embed Frameworks */ = {isa = PBXBuildFile; fileRef = 403CD082D6085E3FBE8FBEED452CE9A4 /* GenericGeometry.framework */; settings = {ATTRIBUTES = (CodeSignOnCopy, RemoveHeadersOnCopy, ); }; };
		9F8524A674695F074500FAB0934C63B5 /* GenericGeometry+CoreGraphics.swift in Sources */ = {isa = PBXBuildFile; fileRef = DFC09BF2DFCA411632D9F01380DE4125 /* GenericGeometry+CoreGraphics.swift */; };
		B8CDE58AD4FB2ED21791B099BB6B1034 /* GenericGeometryTests.swift in Sources */ = {isa = PBXBuildFile; fileRef = F331981EB4926A492E04B7FA2B914B7C /* GenericGeometryTests.swift */; };
		BF31E699E10D36199618B04DBD2C4D27 /* GenericGeometry.swift in Sources */ = {isa = PBXBuildFile; fileRef = F00F29924176FE06E644D9326469B203 /* GenericGeometry.swift */; };
		C26C89E63F9E6032F0F32C8275E487C0 /* GenericGeometryUIKitTests.swift in Sources */ = {isa = PBXBuildFile; fileRef = 084090FDD95EC6A2D1DEEE75AD683EB5 /* GenericGeometryUIKitTests.swift */; };
		C48E31F29DF6F2D6ABD8FC5523CA4E16 /* GenericGeometry.swift in Sources */ = {isa = PBXBuildFile; fileRef = F00F29924176FE06E644D9326469B203 /* GenericGeometry.swift */; };
		DC021889AB6A686B88D16102779A79F4 /* GenericGeometry.framework in Frameworks */ = {isa = PBXBuildFile; fileRef = BD01A777B6FCA2985F9FE856C5B098A6 /* GenericGeometry.framework */; };
		E651A0562B2839E07A4DA60D221AB28C /* GenericGeometry+UIKit.swift in Sources */ = {isa = PBXBuildFile; fileRef = 541C9632F22FC42759F3E82185C862F7 /* GenericGeometry+UIKit.swift */; };
		EC9087F54B0DE432A70EE069C1D85F58 /* GenericGeometryUIKitTests.swift in Sources */ = {isa = PBXBuildFile; fileRef = 084090FDD95EC6A2D1DEEE75AD683EB5 /* GenericGeometryUIKitTests.swift */; };
/* End PBXBuildFile section */

/* Begin PBXContainerItemProxy section */
		4CD6752037423ADD9D4900C5ACF616B6 /* PBXContainerItemProxy */ = {
			isa = PBXContainerItemProxy;
			containerPortal = 0C5939477F6DBBA015F329544C41859B /* Project object */;
			proxyType = 1;
			remoteGlobalIDString = A664DF5252DAC3AFC6F6EDC755FA0192;
			remoteInfo = GenericGeometry_watchOS;
		};
		8F0624FD702D13C1A706C590F65AFD9D /* PBXContainerItemProxy */ = {
			isa = PBXContainerItemProxy;
			containerPortal = 0C5939477F6DBBA015F329544C41859B /* Project object */;
			proxyType = 1;
			remoteGlobalIDString = 825DAAFE94C7F9FB0C978B7647DC0F1F;
			remoteInfo = GenericGeometry_macOS;
		};
		9842B355358E541EF8467569689A5B1E /* PBXContainerItemProxy */ = {
			isa = PBXContainerItemProxy;
			containerPortal = 0C5939477F6DBBA015F329544C41859B /* Project object */;
			proxyType = 1;
			remoteGlobalIDString = BE44C8A54790E5A0A0CC02E0E70DD952;
			remoteInfo = GenericGeometry_tvOS;
		};
		9C044031CA072546E9ED697D946EF5F0 /* PBXContainerItemProxy */ = {
			isa = PBXContainerItemProxy;
			containerPortal = 0C5939477F6DBBA015F329544C41859B /* Project object */;
			proxyType = 1;
			remoteGlobalIDString = 52B7348DBD836F7E07A6ADD83784134C;
			remoteInfo = GenericGeometry_iOS;
		};
/* End PBXContainerItemProxy section */

/* Begin PBXCopyFilesBuildPhase section */
		175750D3109A194FD847EE32E3CC58AB /* Embed Frameworks */ = {
			isa = PBXCopyFilesBuildPhase;
			buildActionMask = 2147483647;
			dstPath = "";
			dstSubfolderSpec = 10;
			files = (
				637B695A2E26C02A604411B2EAD9C130 /* GenericGeometry.framework in Embed Frameworks */,
			);
			name = "Embed Frameworks";
			runOnlyForDeploymentPostprocessing = 0;
		};
		4576C626131212C3A724E300C4208BCB /* Embed Frameworks */ = {
			isa = PBXCopyFilesBuildPhase;
			buildActionMask = 2147483647;
			dstPath = "";
			dstSubfolderSpec = 10;
			files = (
				9A50C1D14BDE84E3CDFE400772A0DD19 /* GenericGeometry.framework in Embed Frameworks */,
			);
			name = "Embed Frameworks";
			runOnlyForDeploymentPostprocessing = 0;
		};
		5584A391FBAA85449FB1146376B136D2 /* Embed Frameworks */ = {
			isa = PBXCopyFilesBuildPhase;
			buildActionMask = 2147483647;
			dstPath = "";
			dstSubfolderSpec = 10;
			files = (
				9509CD5D02A107A7B35587A3F3AB9E97 /* GenericGeometry.framework in Embed Frameworks */,
			);
			name = "Embed Frameworks";
			runOnlyForDeploymentPostprocessing = 0;
		};
		B78C7A6E1C21D3A0A4624A66E7585388 /* Embed Frameworks */ = {
			isa = PBXCopyFilesBuildPhase;
			buildActionMask = 2147483647;
			dstPath = "";
			dstSubfolderSpec = 10;
			files = (
				3986375DEDDB4610F39968FF98CE6EF5 /* GenericGeometry.framework in Embed Frameworks */,
			);
			name = "Embed Frameworks";
			runOnlyForDeploymentPostprocessing = 0;
		};
/* End PBXCopyFilesBuildPhase section */

/* Begin PBXFileReference section */
		0574736A7BDD48A183027205679CD043 /* GenericGeometry.framework */ = {isa = PBXFileReference; explicitFileType = wrapper.framework; includeInIndex = 0; path = GenericGeometry.framework; sourceTree = BUILT_PRODUCTS_DIR; };
		084090FDD95EC6A2D1DEEE75AD683EB5 /* GenericGeometryUIKitTests.swift */ = {isa = PBXFileReference; lastKnownFileType = sourcecode.swift; path = GenericGeometryUIKitTests.swift; sourceTree = "<group>"; };
		1A35F2A9F37745FD6C4E0F8AAB5DEB0F /* GenericGeometryTests.xctest */ = {isa = PBXFileReference; explicitFileType = wrapper.cfbundle; includeInIndex = 0; path = GenericGeometryTests.xctest; sourceTree = BUILT_PRODUCTS_DIR; };
		3E61D7FAF10621432EA2162274FC8B2C /* Info.plist */ = {isa = PBXFileReference; lastKnownFileType = text.plist.xml; path = Info.plist; sourceTree = "<group>"; };
		403CD082D6085E3FBE8FBEED452CE9A4 /* GenericGeometry.framework */ = {isa = PBXFileReference; explicitFileType = wrapper.framework; includeInIndex = 0; path = GenericGeometry.framework; sourceTree = BUILT_PRODUCTS_DIR; };
		541C9632F22FC42759F3E82185C862F7 /* GenericGeometry+UIKit.swift */ = {isa = PBXFileReference; lastKnownFileType = sourcecode.swift; path = "GenericGeometry+UIKit.swift"; sourceTree = "<group>"; };
		71994A596123B2BAFC9B9344F4F0DA58 /* GenericGeometryTests.xctest */ = {isa = PBXFileReference; includeInIndex = 0; lastKnownFileType = wrapper.cfbundle; path = GenericGeometryTests.xctest; sourceTree = BUILT_PRODUCTS_DIR; };
		7DC0B99EB90A379FF7BC0ED6949D4B80 /* GenericGeometryTests.xctest */ = {isa = PBXFileReference; explicitFileType = wrapper.cfbundle; includeInIndex = 0; path = GenericGeometryTests.xctest; sourceTree = BUILT_PRODUCTS_DIR; };
		83D5BC539E5D97A6C5493CCC4B83A770 /* GenericGeometryTests.xctest */ = {isa = PBXFileReference; includeInIndex = 0; lastKnownFileType = wrapper.cfbundle; path = GenericGeometryTests.xctest; sourceTree = BUILT_PRODUCTS_DIR; };
		BD01A777B6FCA2985F9FE856C5B098A6 /* GenericGeometry.framework */ = {isa = PBXFileReference; explicitFileType = wrapper.framework; includeInIndex = 0; path = GenericGeometry.framework; sourceTree = BUILT_PRODUCTS_DIR; };
		DFC09BF2DFCA411632D9F01380DE4125 /* GenericGeometry+CoreGraphics.swift */ = {isa = PBXFileReference; lastKnownFileType = sourcecode.swift; path = "GenericGeometry+CoreGraphics.swift"; sourceTree = "<group>"; };
		E0B3DD3814B9D55502658650A8AD72FA /* GenericGeometry.framework */ = {isa = PBXFileReference; explicitFileType = wrapper.framework; includeInIndex = 0; path = GenericGeometry.framework; sourceTree = BUILT_PRODUCTS_DIR; };
		F00F29924176FE06E644D9326469B203 /* GenericGeometry.swift */ = {isa = PBXFileReference; lastKnownFileType = sourcecode.swift; path = GenericGeometry.swift; sourceTree = "<group>"; };
		F331981EB4926A492E04B7FA2B914B7C /* GenericGeometryTests.swift */ = {isa = PBXFileReference; lastKnownFileType = sourcecode.swift; path = GenericGeometryTests.swift; sourceTree = "<group>"; };
/* End PBXFileReference section */

/* Begin PBXFrameworksBuildPhase section */
		4EC97EA9CA0BDE73450313CE82799C10 /* Frameworks */ = {
			isa = PBXFrameworksBuildPhase;
			buildActionMask = 2147483647;
			files = (
				6B6D979905D3E1A1D3067C8DE6634E25 /* GenericGeometry.framework in Frameworks */,
			);
			runOnlyForDeploymentPostprocessing = 0;
		};
		963651AB77511E4CC8BC24932E21DD4E /* Frameworks */ = {
			isa = PBXFrameworksBuildPhase;
			buildActionMask = 2147483647;
			files = (
				4B465A53F3022DEBF21151A15DA2DCAB /* GenericGeometry.framework in Frameworks */,
			);
			runOnlyForDeploymentPostprocessing = 0;
		};
		B249DAB715B8B3E06EA275CCA92D665D /* Frameworks */ = {
			isa = PBXFrameworksBuildPhase;
			buildActionMask = 2147483647;
			files = (
				DC021889AB6A686B88D16102779A79F4 /* GenericGeometry.framework in Frameworks */,
			);
			runOnlyForDeploymentPostprocessing = 0;
		};
		F6AF17DE5BA200323C2B04BF93D992D4 /* Frameworks */ = {
			isa = PBXFrameworksBuildPhase;
			buildActionMask = 2147483647;
			files = (
				0C43DFAAAC334767684A26EF96BBCD1B /* GenericGeometry.framework in Frameworks */,
			);
			runOnlyForDeploymentPostprocessing = 0;
		};
/* End PBXFrameworksBuildPhase section */

/* Begin PBXGroup section */
		083C689A37690E2F9F445CB4E8499476 = {
			isa = PBXGroup;
			children = (
				D0E6862B8E3D64BAE8021A4B11A1548D /* Sources */,
				9F75D136374BAABE9FE0E81BD1C118AD /* Tests */,
				BCBE42F0F5BC8BC710D05ACBE5234A3D /* Products */,
			);
			sourceTree = "<group>";
		};
		9F75D136374BAABE9FE0E81BD1C118AD /* Tests */ = {
			isa = PBXGroup;
			children = (
				F331981EB4926A492E04B7FA2B914B7C /* GenericGeometryTests.swift */,
				084090FDD95EC6A2D1DEEE75AD683EB5 /* GenericGeometryUIKitTests.swift */,
			);
			path = Tests;
			sourceTree = "<group>";
		};
		BCBE42F0F5BC8BC710D05ACBE5234A3D /* Products */ = {
			isa = PBXGroup;
			children = (
				E0B3DD3814B9D55502658650A8AD72FA /* GenericGeometry.framework */,
				0574736A7BDD48A183027205679CD043 /* GenericGeometry.framework */,
				BD01A777B6FCA2985F9FE856C5B098A6 /* GenericGeometry.framework */,
				403CD082D6085E3FBE8FBEED452CE9A4 /* GenericGeometry.framework */,
				83D5BC539E5D97A6C5493CCC4B83A770 /* GenericGeometryTests.xctest */,
				7DC0B99EB90A379FF7BC0ED6949D4B80 /* GenericGeometryTests.xctest */,
				71994A596123B2BAFC9B9344F4F0DA58 /* GenericGeometryTests.xctest */,
				1A35F2A9F37745FD6C4E0F8AAB5DEB0F /* GenericGeometryTests.xctest */,
			);
			name = Products;
			sourceTree = "<group>";
		};
		D0E6862B8E3D64BAE8021A4B11A1548D /* Sources */ = {
			isa = PBXGroup;
			children = (
				F00F29924176FE06E644D9326469B203 /* GenericGeometry.swift */,
				DFC09BF2DFCA411632D9F01380DE4125 /* GenericGeometry+CoreGraphics.swift */,
				541C9632F22FC42759F3E82185C862F7 /* GenericGeometry+UIKit.swift */,
				3E61D7FAF10621432EA2162274FC8B2C /* Info.plist */,
			);
			path = Sources;
			sourceTree = "<group>";
		};
/* End PBXGroup section */

/* Begin PBXNativeTarget section */
		01957C1C79A86095F0A4363F91E25A84 /* GenericGeometryTests_watchOS */ = {
			isa = PBXNativeTarget;
			buildConfigurationList = DFAC680A34579EC1590D7F738284A5A5 /* Build configuration list for PBXNativeTarget "GenericGeometryTests_watchOS" */;
			buildPhases = (
				2614A501D8677786550BE8C68CB9DEB5 /* Sources */,
				F6AF17DE5BA200323C2B04BF93D992D4 /* Frameworks */,
				4576C626131212C3A724E300C4208BCB /* Embed Frameworks */,
			);
			buildRules = (
			);
			dependencies = (
				6913564998D549C6D04959FC0BAAA384 /* PBXTargetDependency */,
			);
			name = GenericGeometryTests_watchOS;
			productName = GenericGeometryTests_watchOS;
			productReference = 1A35F2A9F37745FD6C4E0F8AAB5DEB0F /* GenericGeometryTests.xctest */;
			productType = "com.apple.product-type.bundle.unit-test";
		};
		263DEE1746D503BEF88EB4F2FF82E9CA /* GenericGeometryTests_iOS */ = {
			isa = PBXNativeTarget;
			buildConfigurationList = E4A02781512753547E19A4007D4F3316 /* Build configuration list for PBXNativeTarget "GenericGeometryTests_iOS" */;
			buildPhases = (
				BD9D61FCCF123CDED85D3EADC76EFD6F /* Sources */,
				963651AB77511E4CC8BC24932E21DD4E /* Frameworks */,
				5584A391FBAA85449FB1146376B136D2 /* Embed Frameworks */,
			);
			buildRules = (
			);
			dependencies = (
				70E5BEE8363E4AC771ADBB59E09DB574 /* PBXTargetDependency */,
			);
			name = GenericGeometryTests_iOS;
			productName = GenericGeometryTests_iOS;
			productReference = 83D5BC539E5D97A6C5493CCC4B83A770 /* GenericGeometryTests.xctest */;
			productType = "com.apple.product-type.bundle.unit-test";
		};
		52B7348DBD836F7E07A6ADD83784134C /* GenericGeometry_iOS */ = {
			isa = PBXNativeTarget;
			buildConfigurationList = CEB5C3ADECBECC9F227E8432042BD4F9 /* Build configuration list for PBXNativeTarget "GenericGeometry_iOS" */;
			buildPhases = (
				09E6B826CACBB416EA8FA4CF70FCCC67 /* Sources */,
			);
			buildRules = (
			);
			dependencies = (
			);
			name = GenericGeometry_iOS;
			productName = GenericGeometry_iOS;
			productReference = E0B3DD3814B9D55502658650A8AD72FA /* GenericGeometry.framework */;
			productType = "com.apple.product-type.framework";
		};
		629F80F4113DC72E5865D364AD9F5553 /* GenericGeometryTests_tvOS */ = {
			isa = PBXNativeTarget;
			buildConfigurationList = 77D84CC4414A707C0B46CB73DCB5E17E /* Build configuration list for PBXNativeTarget "GenericGeometryTests_tvOS" */;
			buildPhases = (
				F6913F42365690B0FCA5857A9E5D7F93 /* Sources */,
				B249DAB715B8B3E06EA275CCA92D665D /* Frameworks */,
				B78C7A6E1C21D3A0A4624A66E7585388 /* Embed Frameworks */,
			);
			buildRules = (
			);
			dependencies = (
				0E3819DF1CFDDD92D90BC2C0E78C8ECC /* PBXTargetDependency */,
			);
			name = GenericGeometryTests_tvOS;
			productName = GenericGeometryTests_tvOS;
			productReference = 71994A596123B2BAFC9B9344F4F0DA58 /* GenericGeometryTests.xctest */;
			productType = "com.apple.product-type.bundle.unit-test";
		};
		825DAAFE94C7F9FB0C978B7647DC0F1F /* GenericGeometry_macOS */ = {
			isa = PBXNativeTarget;
			buildConfigurationList = 9E6D79588E6D74AFC661020645CA3FD8 /* Build configuration list for PBXNativeTarget "GenericGeometry_macOS" */;
			buildPhases = (
				942765AEA9137789CFFF60BB3E107E05 /* Sources */,
			);
			buildRules = (
			);
			dependencies = (
			);
			name = GenericGeometry_macOS;
			productName = GenericGeometry_macOS;
			productReference = 0574736A7BDD48A183027205679CD043 /* GenericGeometry.framework */;
			productType = "com.apple.product-type.framework";
		};
		A664DF5252DAC3AFC6F6EDC755FA0192 /* GenericGeometry_watchOS */ = {
			isa = PBXNativeTarget;
			buildConfigurationList = 18AFE0EFB01336C105F3BCFA11DAD2F2 /* Build configuration list for PBXNativeTarget "GenericGeometry_watchOS" */;
			buildPhases = (
				90D3D06CF80D15756D178C520CCBD4FB /* Sources */,
			);
			buildRules = (
			);
			dependencies = (
			);
			name = GenericGeometry_watchOS;
			productName = GenericGeometry_watchOS;
			productReference = 403CD082D6085E3FBE8FBEED452CE9A4 /* GenericGeometry.framework */;
			productType = "com.apple.product-type.framework";
		};
		AE190050EBE7B3A8285B6B93FE327EB8 /* GenericGeometryTests_macOS */ = {
			isa = PBXNativeTarget;
			buildConfigurationList = 3B7E05D5F2DC19C0B7EC387299EDA3FC /* Build configuration list for PBXNativeTarget "GenericGeometryTests_macOS" */;
			buildPhases = (
				E64B0C0B4BD0577426F1DA04F1923707 /* Sources */,
				4EC97EA9CA0BDE73450313CE82799C10 /* Frameworks */,
				175750D3109A194FD847EE32E3CC58AB /* Embed Frameworks */,
			);
			buildRules = (
			);
			dependencies = (
				24440EAFFB0C14592641B714746EA13E /* PBXTargetDependency */,
			);
			name = GenericGeometryTests_macOS;
			productName = GenericGeometryTests_macOS;
			productReference = 7DC0B99EB90A379FF7BC0ED6949D4B80 /* GenericGeometryTests.xctest */;
			productType = "com.apple.product-type.bundle.unit-test";
		};
		BE44C8A54790E5A0A0CC02E0E70DD952 /* GenericGeometry_tvOS */ = {
			isa = PBXNativeTarget;
			buildConfigurationList = 95F82CE0887DDDE2535D92559BD2ECD0 /* Build configuration list for PBXNativeTarget "GenericGeometry_tvOS" */;
			buildPhases = (
				B9FB976726940D40A845046D616AD2FF /* Sources */,
			);
			buildRules = (
			);
			dependencies = (
			);
			name = GenericGeometry_tvOS;
			productName = GenericGeometry_tvOS;
			productReference = BD01A777B6FCA2985F9FE856C5B098A6 /* GenericGeometry.framework */;
			productType = "com.apple.product-type.framework";
		};
/* End PBXNativeTarget section */

/* Begin PBXProject section */
		0C5939477F6DBBA015F329544C41859B /* Project object */ = {
			isa = PBXProject;
			attributes = {
				LastUpgradeCheck = 1000;
			};
			buildConfigurationList = 1044FF0842CA19ED5FA60A1E776ADC91 /* Build configuration list for PBXProject "GenericGeometry" */;
			compatibilityVersion = "Xcode 9.3";
			developmentRegion = en;
			hasScannedForEncodings = 0;
			knownRegions = (
				en,
			);
			mainGroup = 083C689A37690E2F9F445CB4E8499476;
			projectDirPath = "";
			projectRoot = "";
			targets = (
				263DEE1746D503BEF88EB4F2FF82E9CA /* GenericGeometryTests_iOS */,
				AE190050EBE7B3A8285B6B93FE327EB8 /* GenericGeometryTests_macOS */,
				629F80F4113DC72E5865D364AD9F5553 /* GenericGeometryTests_tvOS */,
				01957C1C79A86095F0A4363F91E25A84 /* GenericGeometryTests_watchOS */,
				52B7348DBD836F7E07A6ADD83784134C /* GenericGeometry_iOS */,
				825DAAFE94C7F9FB0C978B7647DC0F1F /* GenericGeometry_macOS */,
				BE44C8A54790E5A0A0CC02E0E70DD952 /* GenericGeometry_tvOS */,
				A664DF5252DAC3AFC6F6EDC755FA0192 /* GenericGeometry_watchOS */,
			);
		};
/* End PBXProject section */

/* Begin PBXSourcesBuildPhase section */
		09E6B826CACBB416EA8FA4CF70FCCC67 /* Sources */ = {
			isa = PBXSourcesBuildPhase;
			buildActionMask = 2147483647;
			files = (
				4980C6BD7B9764BF335DF37A435B08EB /* GenericGeometry+CoreGraphics.swift in Sources */,
				3E5127041841F65BBDF08074820F71B6 /* GenericGeometry+UIKit.swift in Sources */,
				01420E44EFE5BA9DD1970753D8F0363D /* GenericGeometry.swift in Sources */,
			);
			runOnlyForDeploymentPostprocessing = 0;
		};
		2614A501D8677786550BE8C68CB9DEB5 /* Sources */ = {
			isa = PBXSourcesBuildPhase;
			buildActionMask = 2147483647;
			files = (
				0E7A37808D439DBA669F718CF023F992 /* GenericGeometryTests.swift in Sources */,
				4B0B6E50BF522EA4B37F291D8B63088B /* GenericGeometryUIKitTests.swift in Sources */,
			);
			runOnlyForDeploymentPostprocessing = 0;
		};
		90D3D06CF80D15756D178C520CCBD4FB /* Sources */ = {
			isa = PBXSourcesBuildPhase;
			buildActionMask = 2147483647;
			files = (
				9F8524A674695F074500FAB0934C63B5 /* GenericGeometry+CoreGraphics.swift in Sources */,
				8425EE4D2AFC3D49495C89D5FE0AD9F8 /* GenericGeometry+UIKit.swift in Sources */,
				C48E31F29DF6F2D6ABD8FC5523CA4E16 /* GenericGeometry.swift in Sources */,
			);
			runOnlyForDeploymentPostprocessing = 0;
		};
		942765AEA9137789CFFF60BB3E107E05 /* Sources */ = {
			isa = PBXSourcesBuildPhase;
			buildActionMask = 2147483647;
			files = (
				28893CA5C4FC7DB49A307B058F70BDF4 /* GenericGeometry+CoreGraphics.swift in Sources */,
				43E3896AC7C7D51C77CAD82341ADCC89 /* GenericGeometry+UIKit.swift in Sources */,
				BF31E699E10D36199618B04DBD2C4D27 /* GenericGeometry.swift in Sources */,
			);
			runOnlyForDeploymentPostprocessing = 0;
		};
		B9FB976726940D40A845046D616AD2FF /* Sources */ = {
			isa = PBXSourcesBuildPhase;
			buildActionMask = 2147483647;
			files = (
				39A8E5D40784215088FF661148ABFB25 /* GenericGeometry+CoreGraphics.swift in Sources */,
				E651A0562B2839E07A4DA60D221AB28C /* GenericGeometry+UIKit.swift in Sources */,
				3C12DD66917AFEAD27B27E57A4196C26 /* GenericGeometry.swift in Sources */,
			);
			runOnlyForDeploymentPostprocessing = 0;
		};
		BD9D61FCCF123CDED85D3EADC76EFD6F /* Sources */ = {
			isa = PBXSourcesBuildPhase;
			buildActionMask = 2147483647;
			files = (
				B8CDE58AD4FB2ED21791B099BB6B1034 /* GenericGeometryTests.swift in Sources */,
				40B82325AF4AA067E12DC5B28AC78FA1 /* GenericGeometryUIKitTests.swift in Sources */,
			);
			runOnlyForDeploymentPostprocessing = 0;
		};
		E64B0C0B4BD0577426F1DA04F1923707 /* Sources */ = {
			isa = PBXSourcesBuildPhase;
			buildActionMask = 2147483647;
			files = (
				3A48943018AD67CB2A121989A55BE48E /* GenericGeometryTests.swift in Sources */,
				C26C89E63F9E6032F0F32C8275E487C0 /* GenericGeometryUIKitTests.swift in Sources */,
			);
			runOnlyForDeploymentPostprocessing = 0;
		};
		F6913F42365690B0FCA5857A9E5D7F93 /* Sources */ = {
			isa = PBXSourcesBuildPhase;
			buildActionMask = 2147483647;
			files = (
				7A74D8439C156E45FF6C16950B7EE384 /* GenericGeometryTests.swift in Sources */,
				EC9087F54B0DE432A70EE069C1D85F58 /* GenericGeometryUIKitTests.swift in Sources */,
			);
			runOnlyForDeploymentPostprocessing = 0;
		};
/* End PBXSourcesBuildPhase section */

/* Begin PBXTargetDependency section */
		0E3819DF1CFDDD92D90BC2C0E78C8ECC /* PBXTargetDependency */ = {
			isa = PBXTargetDependency;
			target = BE44C8A54790E5A0A0CC02E0E70DD952 /* GenericGeometry_tvOS */;
			targetProxy = 9842B355358E541EF8467569689A5B1E /* PBXContainerItemProxy */;
		};
		24440EAFFB0C14592641B714746EA13E /* PBXTargetDependency */ = {
			isa = PBXTargetDependency;
			target = 825DAAFE94C7F9FB0C978B7647DC0F1F /* GenericGeometry_macOS */;
			targetProxy = 8F0624FD702D13C1A706C590F65AFD9D /* PBXContainerItemProxy */;
		};
		6913564998D549C6D04959FC0BAAA384 /* PBXTargetDependency */ = {
			isa = PBXTargetDependency;
			target = A664DF5252DAC3AFC6F6EDC755FA0192 /* GenericGeometry_watchOS */;
			targetProxy = 4CD6752037423ADD9D4900C5ACF616B6 /* PBXContainerItemProxy */;
		};
		70E5BEE8363E4AC771ADBB59E09DB574 /* PBXTargetDependency */ = {
			isa = PBXTargetDependency;
			target = 52B7348DBD836F7E07A6ADD83784134C /* GenericGeometry_iOS */;
			targetProxy = 9C044031CA072546E9ED697D946EF5F0 /* PBXContainerItemProxy */;
		};
/* End PBXTargetDependency section */

/* Begin XCBuildConfiguration section */
		0CC50DB63C5BB19843D249CAEB143E1C /* Release */ = {
			isa = XCBuildConfiguration;
			buildSettings = {
				CODE_SIGN_IDENTITY = "";
				CURRENT_PROJECT_VERSION = 1;
				DEFINES_MODULE = YES;
				DYLIB_COMPATIBILITY_VERSION = 1;
				DYLIB_CURRENT_VERSION = 1;
				DYLIB_INSTALL_NAME_BASE = "@rpath";
				INFOPLIST_FILE = Sources/Info.plist;
				INSTALL_PATH = "$(LOCAL_LIBRARY_DIR)/Frameworks";
				PRODUCT_BUNDLE_IDENTIFIER = "com.shopgun.GenericGeometry-watchOS";
				PRODUCT_NAME = GenericGeometry;
				SDKROOT = watchos;
				SKIP_INSTALL = YES;
				SWIFT_VERSION = 5.0;
				TARGETED_DEVICE_FAMILY = 4;
				VERSIONING_SYSTEM = "apple-generic";
			};
			name = Release;
		};
		119762B628306FA397645FA72464319B /* Debug */ = {
			isa = XCBuildConfiguration;
			buildSettings = {
				CODE_SIGN_IDENTITY = "";
				CURRENT_PROJECT_VERSION = 1;
				DEFINES_MODULE = YES;
				DYLIB_COMPATIBILITY_VERSION = 1;
				DYLIB_CURRENT_VERSION = 1;
				DYLIB_INSTALL_NAME_BASE = "@rpath";
				INFOPLIST_FILE = Sources/Info.plist;
				INSTALL_PATH = "$(LOCAL_LIBRARY_DIR)/Frameworks";
				LD_RUNPATH_SEARCH_PATHS = "$(inherited) @executable_path/Frameworks";
				PRODUCT_BUNDLE_IDENTIFIER = "com.shopgun.GenericGeometry-iOS";
				PRODUCT_NAME = GenericGeometry;
				SDKROOT = iphoneos;
				SKIP_INSTALL = YES;
				SWIFT_VERSION = 5.0;
				TARGETED_DEVICE_FAMILY = "1,2";
				VERSIONING_SYSTEM = "apple-generic";
			};
			name = Debug;
		};
		136F68AD895C84B03D8D4D255B2267B0 /* Release */ = {
			isa = XCBuildConfiguration;
			buildSettings = {
				BUNDLE_LOADER = "$(TEST_HOST)";
				LD_RUNPATH_SEARCH_PATHS = "$(inherited) @executable_path/Frameworks @loader_path/Frameworks";
				PRODUCT_BUNDLE_IDENTIFIER = "com.shopgun.GenericGeometryTests-iOS";
				PRODUCT_NAME = GenericGeometryTests;
				SDKROOT = iphoneos;
				SWIFT_VERSION = 5.0;
				TARGETED_DEVICE_FAMILY = "1,2";
			};
			name = Release;
		};
		282693A3F38E10127B8CA0A4358D292E /* Release */ = {
			isa = XCBuildConfiguration;
			buildSettings = {
				BUNDLE_LOADER = "$(TEST_HOST)";
				COMBINE_HIDPI_IMAGES = YES;
				LD_RUNPATH_SEARCH_PATHS = "$(inherited) @executable_path/../Frameworks @loader_path/../Frameworks";
				PRODUCT_BUNDLE_IDENTIFIER = "com.shopgun.GenericGeometryTests-macOS";
				PRODUCT_NAME = GenericGeometryTests;
				SDKROOT = macosx;
				SWIFT_VERSION = 5.0;
			};
			name = Release;
		};
		3390ADD9F5977B90D056E60C3B8002EB /* Debug */ = {
			isa = XCBuildConfiguration;
			buildSettings = {
				ALWAYS_SEARCH_USER_PATHS = NO;
				CLANG_ANALYZER_NONNULL = YES;
				CLANG_ANALYZER_NUMBER_OBJECT_CONVERSION = YES_AGGRESSIVE;
				CLANG_CXX_LANGUAGE_STANDARD = "gnu++14";
				CLANG_CXX_LIBRARY = "libc++";
				CLANG_ENABLE_MODULES = YES;
				CLANG_ENABLE_OBJC_ARC = YES;
				CLANG_WARN_BLOCK_CAPTURE_AUTORELEASING = YES;
				CLANG_WARN_BOOL_CONVERSION = YES;
				CLANG_WARN_COMMA = YES;
				CLANG_WARN_CONSTANT_CONVERSION = YES;
				CLANG_WARN_DEPRECATED_OBJC_IMPLEMENTATIONS = YES;
				CLANG_WARN_DIRECT_OBJC_ISA_USAGE = YES_ERROR;
				CLANG_WARN_DOCUMENTATION_COMMENTS = YES;
				CLANG_WARN_EMPTY_BODY = YES;
				CLANG_WARN_ENUM_CONVERSION = YES;
				CLANG_WARN_INFINITE_RECURSION = YES;
				CLANG_WARN_INT_CONVERSION = YES;
				CLANG_WARN_NON_LITERAL_NULL_CONVERSION = YES;
				CLANG_WARN_OBJC_IMPLICIT_RETAIN_SELF = YES;
				CLANG_WARN_OBJC_LITERAL_CONVERSION = YES;
				CLANG_WARN_OBJC_ROOT_CLASS = YES_ERROR;
				CLANG_WARN_RANGE_LOOP_ANALYSIS = YES;
				CLANG_WARN_STRICT_PROTOTYPES = YES;
				CLANG_WARN_SUSPICIOUS_MOVE = YES;
				CLANG_WARN_UNGUARDED_AVAILABILITY = YES_AGGRESSIVE;
				CLANG_WARN_UNREACHABLE_CODE = YES;
				CLANG_WARN__DUPLICATE_METHOD_MATCH = YES;
				COPY_PHASE_STRIP = NO;
				DEBUG_INFORMATION_FORMAT = dwarf;
				ENABLE_STRICT_OBJC_MSGSEND = YES;
				ENABLE_TESTABILITY = YES;
				GCC_C_LANGUAGE_STANDARD = gnu11;
				GCC_DYNAMIC_NO_PIC = NO;
				GCC_NO_COMMON_BLOCKS = YES;
				GCC_OPTIMIZATION_LEVEL = 0;
				GCC_PREPROCESSOR_DEFINITIONS = (
					"$(inherited)",
					"DEBUG=1",
				);
				GCC_WARN_64_TO_32_BIT_CONVERSION = YES;
				GCC_WARN_ABOUT_RETURN_TYPE = YES_ERROR;
				GCC_WARN_UNDECLARED_SELECTOR = YES;
				GCC_WARN_UNINITIALIZED_AUTOS = YES_AGGRESSIVE;
				GCC_WARN_UNUSED_FUNCTION = YES;
				GCC_WARN_UNUSED_VARIABLE = YES;
				IPHONEOS_DEPLOYMENT_TARGET = 8.0;
				MACOSX_DEPLOYMENT_TARGET = 10.9;
				MTL_ENABLE_DEBUG_INFO = YES;
				ONLY_ACTIVE_ARCH = YES;
				PRODUCT_NAME = "$(TARGET_NAME)";
				SWIFT_ACTIVE_COMPILATION_CONDITIONS = DEBUG;
				SWIFT_OPTIMIZATION_LEVEL = "-Onone";
				SWIFT_VERSION = 4.2;
				TVOS_DEPLOYMENT_TARGET = 9.0;
				WATCHOS_DEPLOYMENT_TARGET = 2.0;
			};
			name = Debug;
		};
		51E8B1D4A11E4B815477D36E4C4AF1E1 /* Release */ = {
			isa = XCBuildConfiguration;
			buildSettings = {
				BUNDLE_LOADER = "$(TEST_HOST)";
				LD_RUNPATH_SEARCH_PATHS = "$(inherited) @executable_path/Frameworks @loader_path/Frameworks";
				PRODUCT_BUNDLE_IDENTIFIER = "com.shopgun.GenericGeometryTests-watchOS";
				PRODUCT_NAME = GenericGeometryTests;
				SDKROOT = watchos;
				SKIP_INSTALL = YES;
				SWIFT_VERSION = 5.0;
				TARGETED_DEVICE_FAMILY = 4;
			};
			name = Release;
		};
		5A707EDA2C182DF87F301195BCD3235B /* Debug */ = {
			isa = XCBuildConfiguration;
			buildSettings = {
				BUNDLE_LOADER = "$(TEST_HOST)";
				LD_RUNPATH_SEARCH_PATHS = "$(inherited) @executable_path/Frameworks @loader_path/Frameworks";
				PRODUCT_BUNDLE_IDENTIFIER = "com.shopgun.GenericGeometryTests-iOS";
				PRODUCT_NAME = GenericGeometryTests;
				SDKROOT = iphoneos;
				SWIFT_VERSION = 5.0;
				TARGETED_DEVICE_FAMILY = "1,2";
			};
			name = Debug;
		};
		768D744D95ED54C12DFEEAA065B9365B /* Release */ = {
			isa = XCBuildConfiguration;
			buildSettings = {
				ALWAYS_SEARCH_USER_PATHS = NO;
				CLANG_ANALYZER_NONNULL = YES;
				CLANG_ANALYZER_NUMBER_OBJECT_CONVERSION = YES_AGGRESSIVE;
				CLANG_CXX_LANGUAGE_STANDARD = "gnu++14";
				CLANG_CXX_LIBRARY = "libc++";
				CLANG_ENABLE_MODULES = YES;
				CLANG_ENABLE_OBJC_ARC = YES;
				CLANG_WARN_BLOCK_CAPTURE_AUTORELEASING = YES;
				CLANG_WARN_BOOL_CONVERSION = YES;
				CLANG_WARN_COMMA = YES;
				CLANG_WARN_CONSTANT_CONVERSION = YES;
				CLANG_WARN_DEPRECATED_OBJC_IMPLEMENTATIONS = YES;
				CLANG_WARN_DIRECT_OBJC_ISA_USAGE = YES_ERROR;
				CLANG_WARN_DOCUMENTATION_COMMENTS = YES;
				CLANG_WARN_EMPTY_BODY = YES;
				CLANG_WARN_ENUM_CONVERSION = YES;
				CLANG_WARN_INFINITE_RECURSION = YES;
				CLANG_WARN_INT_CONVERSION = YES;
				CLANG_WARN_NON_LITERAL_NULL_CONVERSION = YES;
				CLANG_WARN_OBJC_IMPLICIT_RETAIN_SELF = YES;
				CLANG_WARN_OBJC_LITERAL_CONVERSION = YES;
				CLANG_WARN_OBJC_ROOT_CLASS = YES_ERROR;
				CLANG_WARN_RANGE_LOOP_ANALYSIS = YES;
				CLANG_WARN_STRICT_PROTOTYPES = YES;
				CLANG_WARN_SUSPICIOUS_MOVE = YES;
				CLANG_WARN_UNGUARDED_AVAILABILITY = YES_AGGRESSIVE;
				CLANG_WARN_UNREACHABLE_CODE = YES;
				CLANG_WARN__DUPLICATE_METHOD_MATCH = YES;
				COPY_PHASE_STRIP = NO;
				DEBUG_INFORMATION_FORMAT = "dwarf-with-dsym";
				ENABLE_NS_ASSERTIONS = NO;
				ENABLE_STRICT_OBJC_MSGSEND = YES;
				GCC_C_LANGUAGE_STANDARD = gnu11;
				GCC_NO_COMMON_BLOCKS = YES;
				GCC_WARN_64_TO_32_BIT_CONVERSION = YES;
				GCC_WARN_ABOUT_RETURN_TYPE = YES_ERROR;
				GCC_WARN_UNDECLARED_SELECTOR = YES;
				GCC_WARN_UNINITIALIZED_AUTOS = YES_AGGRESSIVE;
				GCC_WARN_UNUSED_FUNCTION = YES;
				GCC_WARN_UNUSED_VARIABLE = YES;
				IPHONEOS_DEPLOYMENT_TARGET = 8.0;
				MACOSX_DEPLOYMENT_TARGET = 10.9;
				PRODUCT_NAME = "$(TARGET_NAME)";
				SWIFT_OPTIMIZATION_LEVEL = "-Owholemodule";
				SWIFT_VERSION = 4.2;
				TVOS_DEPLOYMENT_TARGET = 9.0;
				VALIDATE_PRODUCT = YES;
				WATCHOS_DEPLOYMENT_TARGET = 2.0;
			};
			name = Release;
		};
		8C16F3F5FFCD080A9F0B49C1EB31F92C /* Release */ = {
			isa = XCBuildConfiguration;
			buildSettings = {
				BUNDLE_LOADER = "$(TEST_HOST)";
				LD_RUNPATH_SEARCH_PATHS = "$(inherited) @executable_path/Frameworks @loader_path/Frameworks";
				PRODUCT_BUNDLE_IDENTIFIER = "com.shopgun.GenericGeometryTests-tvOS";
				PRODUCT_NAME = GenericGeometryTests;
				SDKROOT = appletvos;
				SWIFT_VERSION = 5.0;
				TARGETED_DEVICE_FAMILY = 3;
			};
			name = Release;
		};
		8D400E3C01AFBF859AFDCDC435DC8270 /* Debug */ = {
			isa = XCBuildConfiguration;
			buildSettings = {
				BUNDLE_LOADER = "$(TEST_HOST)";
				LD_RUNPATH_SEARCH_PATHS = "$(inherited) @executable_path/Frameworks @loader_path/Frameworks";
				PRODUCT_BUNDLE_IDENTIFIER = "com.shopgun.GenericGeometryTests-tvOS";
				PRODUCT_NAME = GenericGeometryTests;
				SDKROOT = appletvos;
				SWIFT_VERSION = 5.0;
				TARGETED_DEVICE_FAMILY = 3;
			};
			name = Debug;
		};
		A03EDB1F77CDB3A6B7305452BEDD67F3 /* Debug */ = {
			isa = XCBuildConfiguration;
			buildSettings = {
				CODE_SIGN_IDENTITY = "";
				CURRENT_PROJECT_VERSION = 1;
				DEFINES_MODULE = YES;
				DYLIB_COMPATIBILITY_VERSION = 1;
				DYLIB_CURRENT_VERSION = 1;
				DYLIB_INSTALL_NAME_BASE = "@rpath";
				INFOPLIST_FILE = Sources/Info.plist;
				INSTALL_PATH = "$(LOCAL_LIBRARY_DIR)/Frameworks";
				LD_RUNPATH_SEARCH_PATHS = "$(inherited) @executable_path/Frameworks";
				PRODUCT_BUNDLE_IDENTIFIER = "com.shopgun.GenericGeometry-tvOS";
				PRODUCT_NAME = GenericGeometry;
				SDKROOT = appletvos;
				SKIP_INSTALL = YES;
				SWIFT_VERSION = 5.0;
				TARGETED_DEVICE_FAMILY = 3;
				VERSIONING_SYSTEM = "apple-generic";
			};
			name = Debug;
		};
		A2688412CFD75CAD43C62A21B6AE3739 /* Release */ = {
			isa = XCBuildConfiguration;
			buildSettings = {
				CODE_SIGN_IDENTITY = "";
				CURRENT_PROJECT_VERSION = 1;
				DEFINES_MODULE = YES;
				DYLIB_COMPATIBILITY_VERSION = 1;
				DYLIB_CURRENT_VERSION = 1;
				DYLIB_INSTALL_NAME_BASE = "@rpath";
				INFOPLIST_FILE = Sources/Info.plist;
				INSTALL_PATH = "$(LOCAL_LIBRARY_DIR)/Frameworks";
				LD_RUNPATH_SEARCH_PATHS = "$(inherited) @executable_path/Frameworks";
				PRODUCT_BUNDLE_IDENTIFIER = "com.shopgun.GenericGeometry-tvOS";
				PRODUCT_NAME = GenericGeometry;
				SDKROOT = appletvos;
				SKIP_INSTALL = YES;
				SWIFT_VERSION = 5.0;
				TARGETED_DEVICE_FAMILY = 3;
				VERSIONING_SYSTEM = "apple-generic";
			};
			name = Release;
		};
		A8203E3E42677912C455367C988C47FE /* Release */ = {
			isa = XCBuildConfiguration;
			buildSettings = {
				CODE_SIGN_IDENTITY = "";
				CURRENT_PROJECT_VERSION = 1;
				DEFINES_MODULE = YES;
				DYLIB_COMPATIBILITY_VERSION = 1;
				DYLIB_CURRENT_VERSION = 1;
				DYLIB_INSTALL_NAME_BASE = "@rpath";
				INFOPLIST_FILE = Sources/Info.plist;
				INSTALL_PATH = "$(LOCAL_LIBRARY_DIR)/Frameworks";
				LD_RUNPATH_SEARCH_PATHS = "$(inherited) @executable_path/Frameworks";
				PRODUCT_BUNDLE_IDENTIFIER = "com.shopgun.GenericGeometry-iOS";
				PRODUCT_NAME = GenericGeometry;
				SDKROOT = iphoneos;
				SKIP_INSTALL = YES;
				SWIFT_VERSION = 5.0;
				TARGETED_DEVICE_FAMILY = "1,2";
				VERSIONING_SYSTEM = "apple-generic";
			};
			name = Release;
		};
		BC9C5558067A2A2BF165CE2F0C149CBC /* Debug */ = {
			isa = XCBuildConfiguration;
			buildSettings = {
				CODE_SIGN_IDENTITY = "";
				CURRENT_PROJECT_VERSION = 1;
				DEFINES_MODULE = YES;
				DYLIB_COMPATIBILITY_VERSION = 1;
				DYLIB_CURRENT_VERSION = 1;
				DYLIB_INSTALL_NAME_BASE = "@rpath";
				INFOPLIST_FILE = Sources/Info.plist;
				INSTALL_PATH = "$(LOCAL_LIBRARY_DIR)/Frameworks";
				PRODUCT_BUNDLE_IDENTIFIER = "com.shopgun.GenericGeometry-watchOS";
				PRODUCT_NAME = GenericGeometry;
				SDKROOT = watchos;
				SKIP_INSTALL = YES;
				SWIFT_VERSION = 5.0;
				TARGETED_DEVICE_FAMILY = 4;
				VERSIONING_SYSTEM = "apple-generic";
			};
			name = Debug;
		};
		C02CD2C509A2D336A6F364A006307C0C /* Debug */ = {
			isa = XCBuildConfiguration;
			buildSettings = {
				BUNDLE_LOADER = "$(TEST_HOST)";
				LD_RUNPATH_SEARCH_PATHS = "$(inherited) @executable_path/Frameworks @loader_path/Frameworks";
				PRODUCT_BUNDLE_IDENTIFIER = "com.shopgun.GenericGeometryTests-watchOS";
				PRODUCT_NAME = GenericGeometryTests;
				SDKROOT = watchos;
				SKIP_INSTALL = YES;
				SWIFT_VERSION = 5.0;
				TARGETED_DEVICE_FAMILY = 4;
			};
			name = Debug;
		};
		DDA923D61423D177DDF0672CA67C6A3E /* Debug */ = {
			isa = XCBuildConfiguration;
			buildSettings = {
				BUNDLE_LOADER = "$(TEST_HOST)";
				COMBINE_HIDPI_IMAGES = YES;
				LD_RUNPATH_SEARCH_PATHS = "$(inherited) @executable_path/../Frameworks @loader_path/../Frameworks";
				PRODUCT_BUNDLE_IDENTIFIER = "com.shopgun.GenericGeometryTests-macOS";
				PRODUCT_NAME = GenericGeometryTests;
				SDKROOT = macosx;
				SWIFT_VERSION = 5.0;
			};
			name = Debug;
		};
		E3B2F061D3F6F67E1BA9EBAC65ECFEF3 /* Release */ = {
			isa = XCBuildConfiguration;
			buildSettings = {
				CODE_SIGN_IDENTITY = "";
				COMBINE_HIDPI_IMAGES = YES;
				CURRENT_PROJECT_VERSION = 1;
				DEFINES_MODULE = YES;
				DYLIB_COMPATIBILITY_VERSION = 1;
				DYLIB_CURRENT_VERSION = 1;
				DYLIB_INSTALL_NAME_BASE = "@rpath";
				INFOPLIST_FILE = Sources/Info.plist;
				INSTALL_PATH = "$(LOCAL_LIBRARY_DIR)/Frameworks";
				LD_RUNPATH_SEARCH_PATHS = "$(inherited) @executable_path/../Frameworks";
				PRODUCT_BUNDLE_IDENTIFIER = "com.shopgun.GenericGeometry-macOS";
				PRODUCT_NAME = GenericGeometry;
				SDKROOT = macosx;
				SKIP_INSTALL = YES;
				SWIFT_VERSION = 5.0;
				VERSIONING_SYSTEM = "apple-generic";
			};
			name = Release;
		};
		FC075937C6B98F98FD193E5AA33FB15E /* Debug */ = {
			isa = XCBuildConfiguration;
			buildSettings = {
				CODE_SIGN_IDENTITY = "";
				COMBINE_HIDPI_IMAGES = YES;
				CURRENT_PROJECT_VERSION = 1;
				DEFINES_MODULE = YES;
				DYLIB_COMPATIBILITY_VERSION = 1;
				DYLIB_CURRENT_VERSION = 1;
				DYLIB_INSTALL_NAME_BASE = "@rpath";
				INFOPLIST_FILE = Sources/Info.plist;
				INSTALL_PATH = "$(LOCAL_LIBRARY_DIR)/Frameworks";
				LD_RUNPATH_SEARCH_PATHS = "$(inherited) @executable_path/../Frameworks";
				PRODUCT_BUNDLE_IDENTIFIER = "com.shopgun.GenericGeometry-macOS";
				PRODUCT_NAME = GenericGeometry;
				SDKROOT = macosx;
				SKIP_INSTALL = YES;
				SWIFT_VERSION = 5.0;
				VERSIONING_SYSTEM = "apple-generic";
			};
			name = Debug;
		};
/* End XCBuildConfiguration section */

/* Begin XCConfigurationList section */
		1044FF0842CA19ED5FA60A1E776ADC91 /* Build configuration list for PBXProject "GenericGeometry" */ = {
			isa = XCConfigurationList;
			buildConfigurations = (
				3390ADD9F5977B90D056E60C3B8002EB /* Debug */,
				768D744D95ED54C12DFEEAA065B9365B /* Release */,
			);
			defaultConfigurationIsVisible = 0;
			defaultConfigurationName = Debug;
		};
		18AFE0EFB01336C105F3BCFA11DAD2F2 /* Build configuration list for PBXNativeTarget "GenericGeometry_watchOS" */ = {
			isa = XCConfigurationList;
			buildConfigurations = (
				BC9C5558067A2A2BF165CE2F0C149CBC /* Debug */,
				0CC50DB63C5BB19843D249CAEB143E1C /* Release */,
			);
			defaultConfigurationIsVisible = 0;
			defaultConfigurationName = "";
		};
		3B7E05D5F2DC19C0B7EC387299EDA3FC /* Build configuration list for PBXNativeTarget "GenericGeometryTests_macOS" */ = {
			isa = XCConfigurationList;
			buildConfigurations = (
				DDA923D61423D177DDF0672CA67C6A3E /* Debug */,
				282693A3F38E10127B8CA0A4358D292E /* Release */,
			);
			defaultConfigurationIsVisible = 0;
			defaultConfigurationName = "";
		};
		77D84CC4414A707C0B46CB73DCB5E17E /* Build configuration list for PBXNativeTarget "GenericGeometryTests_tvOS" */ = {
			isa = XCConfigurationList;
			buildConfigurations = (
				8D400E3C01AFBF859AFDCDC435DC8270 /* Debug */,
				8C16F3F5FFCD080A9F0B49C1EB31F92C /* Release */,
			);
			defaultConfigurationIsVisible = 0;
			defaultConfigurationName = "";
		};
		95F82CE0887DDDE2535D92559BD2ECD0 /* Build configuration list for PBXNativeTarget "GenericGeometry_tvOS" */ = {
			isa = XCConfigurationList;
			buildConfigurations = (
				A03EDB1F77CDB3A6B7305452BEDD67F3 /* Debug */,
				A2688412CFD75CAD43C62A21B6AE3739 /* Release */,
			);
			defaultConfigurationIsVisible = 0;
			defaultConfigurationName = "";
		};
		9E6D79588E6D74AFC661020645CA3FD8 /* Build configuration list for PBXNativeTarget "GenericGeometry_macOS" */ = {
			isa = XCConfigurationList;
			buildConfigurations = (
				FC075937C6B98F98FD193E5AA33FB15E /* Debug */,
				E3B2F061D3F6F67E1BA9EBAC65ECFEF3 /* Release */,
			);
			defaultConfigurationIsVisible = 0;
			defaultConfigurationName = "";
		};
		CEB5C3ADECBECC9F227E8432042BD4F9 /* Build configuration list for PBXNativeTarget "GenericGeometry_iOS" */ = {
			isa = XCConfigurationList;
			buildConfigurations = (
				119762B628306FA397645FA72464319B /* Debug */,
				A8203E3E42677912C455367C988C47FE /* Release */,
			);
			defaultConfigurationIsVisible = 0;
			defaultConfigurationName = "";
		};
		DFAC680A34579EC1590D7F738284A5A5 /* Build configuration list for PBXNativeTarget "GenericGeometryTests_watchOS" */ = {
			isa = XCConfigurationList;
			buildConfigurations = (
				C02CD2C509A2D336A6F364A006307C0C /* Debug */,
				51E8B1D4A11E4B815477D36E4C4AF1E1 /* Release */,
			);
			defaultConfigurationIsVisible = 0;
			defaultConfigurationName = "";
		};
		E4A02781512753547E19A4007D4F3316 /* Build configuration list for PBXNativeTarget "GenericGeometryTests_iOS" */ = {
			isa = XCConfigurationList;
			buildConfigurations = (
				5A707EDA2C182DF87F301195BCD3235B /* Debug */,
				136F68AD895C84B03D8D4D255B2267B0 /* Release */,
			);
			defaultConfigurationIsVisible = 0;
			defaultConfigurationName = "";
		};
/* End XCConfigurationList section */
	};
	rootObject = 0C5939477F6DBBA015F329544C41859B /* Project object */;
}
